{
  "requires": true,
  "lockfileVersion": 1,
  "dependencies": {
    "zui": {
      "version": "1.9.2",
      "resolved": "https://registry.npmjs.org/zui/-/zui-1.9.2.tgz",
      "integrity": "sha512-vTqi82/LIQ50127xNxSMKQBjUZE5sCxn8Uo3mJ3yLZ+5Kq/5M8ymbxZSaqd443+WvbzU9S4BzsMvvar4PDyQSA=="
    }
  }
}
